
Microsoft Visual Studio Solution File, Format Version 12.00
# Visual Studio Version 17
VisualStudioVersion = 17.8.34525.116
MinimumVisualStudioVersion = 10.0.40219.1
Project("{FAE04EC0-301F-11D3-BF4B-00C04F79EFBC}") = "DataGridViewProject", "DataGridView\DataGridViewProject.csproj", "{AD4B0506-1F84-4030-B827-26D024D9B024}"
EndProject
Project("{FAE04EC0-301F-11D3-BF4B-00C04F79EFBC}") = "DataGridView.Entities", "DataGridView.Entities\DataGridView.Entities.csproj", "{605FE889-C62E-4C53-B514-A0E1C21BAF53}"
EndProject
Project("{FAE04EC0-301F-11D3-BF4B-00C04F79EFBC}") = "DataGridView.Services.Contracts", "DataGridView.Services.Contracts\DataGridView.Services.Contracts.csproj", "{86D5A052-112D-4F97-B181-8AF7CD0DDC21}"
EndProject
Project("{FAE04EC0-301F-11D3-BF4B-00C04F79EFBC}") = "DataGridView.Services", "DataGridView.Services\DataGridView.Services.csproj", "{0DAD6E1B-680F-45FE-8D9E-BB7717629FCD}"
EndProject
Project("{FAE04EC0-301F-11D3-BF4B-00C04F79EFBC}") = "DataGridView.Services.Tests", "DataGridView.Services.Tests\DataGridView.Services.Tests.csproj", "{D4DA5575-6B13-4C58-9E4C-D4CD2AE6D8C1}"
EndProject
Project("{FAE04EC0-301F-11D3-BF4B-00C04F79EFBC}") = "DataGridView.Repositories.Contracts", "DataGridView.Repositories.Contracts\DataGridView.Repositories.Contracts.csproj", "{8A8AD35B-9526-45A9-82C2-2B7C009D854A}"
EndProject
Project("{FAE04EC0-301F-11D3-BF4B-00C04F79EFBC}") = "DataGridView.Repositories", "DataGridView.Repositories\DataGridView.Repositories.csproj", "{AFFE2A18-6DB5-481B-BD15-E434C78B1BA0}"
EndProject
Project("{FAE04EC0-301F-11D3-BF4B-00C04F79EFBC}") = "DataGridView.Context", "DataGridView.Context\DataGridView.Context.csproj", "{D64B26EB-3B96-4DA5-A759-E24A3E48132F}"
EndProject
Project("{FAE04EC0-301F-11D3-BF4B-00C04F79EFBC}") = "DataGridView.Web", "DataGridView.Web\DataGridView.Web.csproj", "{C9E7BA31-CA41-429F-A508-733020486DB3}"
EndProject
Global
	GlobalSection(SolutionConfigurationPlatforms) = preSolution
		Debug|Any CPU = Debug|Any CPU
		Release|Any CPU = Release|Any CPU
	EndGlobalSection
	GlobalSection(ProjectConfigurationPlatforms) = postSolution
		{AD4B0506-1F84-4030-B827-26D024D9B024}.Debug|Any CPU.ActiveCfg = Debug|Any CPU
		{AD4B0506-1F84-4030-B827-26D024D9B024}.Debug|Any CPU.Build.0 = Debug|Any CPU
		{AD4B0506-1F84-4030-B827-26D024D9B024}.Release|Any CPU.ActiveCfg = Release|Any CPU
		{AD4B0506-1F84-4030-B827-26D024D9B024}.Release|Any CPU.Build.0 = Release|Any CPU
		{605FE889-C62E-4C53-B514-A0E1C21BAF53}.Debug|Any CPU.ActiveCfg = Debug|Any CPU
		{605FE889-C62E-4C53-B514-A0E1C21BAF53}.Debug|Any CPU.Build.0 = Debug|Any CPU
		{605FE889-C62E-4C53-B514-A0E1C21BAF53}.Release|Any CPU.ActiveCfg = Release|Any CPU
		{605FE889-C62E-4C53-B514-A0E1C21BAF53}.Release|Any CPU.Build.0 = Release|Any CPU
		{86D5A052-112D-4F97-B181-8AF7CD0DDC21}.Debug|Any CPU.ActiveCfg = Debug|Any CPU
		{86D5A052-112D-4F97-B181-8AF7CD0DDC21}.Debug|Any CPU.Build.0 = Debug|Any CPU
		{86D5A052-112D-4F97-B181-8AF7CD0DDC21}.Release|Any CPU.ActiveCfg = Release|Any CPU
		{86D5A052-112D-4F97-B181-8AF7CD0DDC21}.Release|Any CPU.Build.0 = Release|Any CPU
		{0DAD6E1B-680F-45FE-8D9E-BB7717629FCD}.Debug|Any CPU.ActiveCfg = Debug|Any CPU
		{0DAD6E1B-680F-45FE-8D9E-BB7717629FCD}.Debug|Any CPU.Build.0 = Debug|Any CPU
		{0DAD6E1B-680F-45FE-8D9E-BB7717629FCD}.Release|Any CPU.ActiveCfg = Release|Any CPU
		{0DAD6E1B-680F-45FE-8D9E-BB7717629FCD}.Release|Any CPU.Build.0 = Release|Any CPU
		{D4DA5575-6B13-4C58-9E4C-D4CD2AE6D8C1}.Debug|Any CPU.ActiveCfg = Debug|Any CPU
		{D4DA5575-6B13-4C58-9E4C-D4CD2AE6D8C1}.Debug|Any CPU.Build.0 = Debug|Any CPU
		{D4DA5575-6B13-4C58-9E4C-D4CD2AE6D8C1}.Release|Any CPU.ActiveCfg = Release|Any CPU
		{D4DA5575-6B13-4C58-9E4C-D4CD2AE6D8C1}.Release|Any CPU.Build.0 = Release|Any CPU
		{8A8AD35B-9526-45A9-82C2-2B7C009D854A}.Debug|Any CPU.ActiveCfg = Debug|Any CPU
		{8A8AD35B-9526-45A9-82C2-2B7C009D854A}.Debug|Any CPU.Build.0 = Debug|Any CPU
		{8A8AD35B-9526-45A9-82C2-2B7C009D854A}.Release|Any CPU.ActiveCfg = Release|Any CPU
		{8A8AD35B-9526-45A9-82C2-2B7C009D854A}.Release|Any CPU.Build.0 = Release|Any CPU
		{AFFE2A18-6DB5-481B-BD15-E434C78B1BA0}.Debug|Any CPU.ActiveCfg = Debug|Any CPU
		{AFFE2A18-6DB5-481B-BD15-E434C78B1BA0}.Debug|Any CPU.Build.0 = Debug|Any CPU
		{AFFE2A18-6DB5-481B-BD15-E434C78B1BA0}.Release|Any CPU.ActiveCfg = Release|Any CPU
		{AFFE2A18-6DB5-481B-BD15-E434C78B1BA0}.Release|Any CPU.Build.0 = Release|Any CPU
		{D64B26EB-3B96-4DA5-A759-E24A3E48132F}.Debug|Any CPU.ActiveCfg = Debug|Any CPU
		{D64B26EB-3B96-4DA5-A759-E24A3E48132F}.Debug|Any CPU.Build.0 = Debug|Any CPU
		{D64B26EB-3B96-4DA5-A759-E24A3E48132F}.Release|Any CPU.ActiveCfg = Release|Any CPU
		{D64B26EB-3B96-4DA5-A759-E24A3E48132F}.Release|Any CPU.Build.0 = Release|Any CPU
		{C9E7BA31-CA41-429F-A508-733020486DB3}.Debug|Any CPU.ActiveCfg = Debug|Any CPU
		{C9E7BA31-CA41-429F-A508-733020486DB3}.Debug|Any CPU.Build.0 = Debug|Any CPU
		{C9E7BA31-CA41-429F-A508-733020486DB3}.Release|Any CPU.ActiveCfg = Release|Any CPU
		{C9E7BA31-CA41-429F-A508-733020486DB3}.Release|Any CPU.Build.0 = Release|Any CPU
	EndGlobalSection
	GlobalSection(SolutionProperties) = preSolution
		HideSolutionNode = FALSE
	EndGlobalSection
	GlobalSection(ExtensibilityGlobals) = postSolution
		SolutionGuid = {8CAD25B8-DC1A-4E81-8DBE-CEB1CA8626F7}
	EndGlobalSection
EndGlobal
